
Microsoft Visual Studio Solution File, Format Version 12.00
# Visual Studio Version 17
VisualStudioVersion = 17.14.36705.20
MinimumVisualStudioVersion = 10.0.40219.1
Project("{FAE04EC0-301F-11D3-BF4B-00C04F79EFBC}") = "AtlyssArchipelagoPlugin.cs", "Atlyss AP\AtlyssArchipelagoPlugin.cs.csproj", "{80BFEA1C-AE53-460F-BBC2-09BB8D627051}"
EndProject
Global
	GlobalSection(SolutionConfigurationPlatforms) = preSolution
		Debug|Any CPU = Debug|Any CPU
		Release|Any CPU = Release|Any CPU
	EndGlobalSection
	GlobalSection(ProjectConfigurationPlatforms) = postSolution
		{80BFEA1C-AE53-460F-BBC2-09BB8D627051}.Debug|Any CPU.ActiveCfg = Release|Any CPU
		{80BFEA1C-AE53-460F-BBC2-09BB8D627051}.Debug|Any CPU.Build.0 = Release|Any CPU
		{80BFEA1C-AE53-460F-BBC2-09BB8D627051}.Release|Any CPU.ActiveCfg = Release|Any CPU
		{80BFEA1C-AE53-460F-BBC2-09BB8D627051}.Release|Any CPU.Build.0 = Release|Any CPU
	EndGlobalSection
	GlobalSection(SolutionProperties) = preSolution
		HideSolutionNode = FALSE
	EndGlobalSection
	GlobalSection(ExtensibilityGlobals) = postSolution
		SolutionGuid = {0936D252-03AC-48E1-9E9E-E85107EDFD3F}
	EndGlobalSection
EndGlobal
